
Microsoft Visual Studio Solution File, Format Version 12.00
# Visual Studio Version 17
VisualStudioVersion = 17.10.35027.167
MinimumVisualStudioVersion = 10.0.40219.1
Project("{FAE04EC0-301F-11D3-BF4B-00C04F79EFBC}") = "OpenAIIntegration", "OpenAIIntegration.csproj", "{AA1A1F5C-B371-4D60-96F0-A83E551B0D35}"
EndProject
Global
	GlobalSection(SolutionConfigurationPlatforms) = preSolution
		Debug|Any CPU = Debug|Any CPU
		Release|Any CPU = Release|Any CPU
	EndGlobalSection
	GlobalSection(ProjectConfigurationPlatforms) = postSolution
		{AA1A1F5C-B371-4D60-96F0-A83E551B0D35}.Debug|Any CPU.ActiveCfg = Debug|Any CPU
		{AA1A1F5C-B371-4D60-96F0-A83E551B0D35}.Debug|Any CPU.Build.0 = Debug|Any CPU
		{AA1A1F5C-B371-4D60-96F0-A83E551B0D35}.Release|Any CPU.ActiveCfg = Release|Any CPU
		{AA1A1F5C-B371-4D60-96F0-A83E551B0D35}.Release|Any CPU.Build.0 = Release|Any CPU
	EndGlobalSection
	GlobalSection(SolutionProperties) = preSolution
		HideSolutionNode = FALSE
	EndGlobalSection
	GlobalSection(ExtensibilityGlobals) = postSolution
		SolutionGuid = {182F72AD-D2AE-4676-B58C-EE7AC095C4AB}
	EndGlobalSection
EndGlobal
