
Microsoft Visual Studio Solution File, Format Version 12.00
# Visual Studio Version 17
VisualStudioVersion = 17.9.34728.123
MinimumVisualStudioVersion = 10.0.40219.1
Project("{2150E333-8FDC-42A3-9474-1A3956D46DE8}") = "FrontEnd", "FrontEnd", "{DD06FB77-9553-444B-947D-65E14141AA3B}"
EndProject
Project("{2150E333-8FDC-42A3-9474-1A3956D46DE8}") = "Services", "Services", "{453FB221-031E-48D8-BF5D-64D3F7706BC9}"
EndProject
Project("{9A19103F-16F7-4668-BE54-9A1E7A4F7556}") = "GeekShopping.Web", "GeekShopping.Web\GeekShopping.Web.csproj", "{F13891A6-31FD-4B73-A32F-EA773EB66834}"
EndProject
Project("{9A19103F-16F7-4668-BE54-9A1E7A4F7556}") = "GeekShopping.ProductAPI", "GeekShopping.ProductAPI\GeekShopping.ProductAPI.csproj", "{5EB3635D-8CE8-4758-A007-D490D1F4F1AB}"
EndProject
Project("{9A19103F-16F7-4668-BE54-9A1E7A4F7556}") = "GeekShopping.IdentityServer", "GeekShopping.IdentityServer\GeekShopping.IdentityServer.csproj", "{FE9C4648-E57D-400F-B7C6-D9F9185F6EEE}"
EndProject
Project("{9A19103F-16F7-4668-BE54-9A1E7A4F7556}") = "GeekShopping.CartAPI", "GeekShopping.CartAPI\GeekShopping.CartAPI.csproj", "{2A23A7E7-047C-458F-BDEA-1D486DA08333}"
	ProjectSection(ProjectDependencies) = postProject
		{856913E1-F30C-47B8-A515-BE5CD5895E18} = {856913E1-F30C-47B8-A515-BE5CD5895E18}
	EndProjectSection
EndProject
Project("{9A19103F-16F7-4668-BE54-9A1E7A4F7556}") = "GeekShopping.CouponAPI", "GeekShopping.CouponAPI\GeekShopping.CouponAPI.csproj", "{E51BA7DC-F230-4249-934A-7D389841BF0A}"
EndProject
Project("{2150E333-8FDC-42A3-9474-1A3956D46DE8}") = "Integration", "Integration", "{7BD67B15-BBFE-43A7-9B5A-AA477164C678}"
EndProject
Project("{9A19103F-16F7-4668-BE54-9A1E7A4F7556}") = "GeekShopping.MessageBus", "GeekShopping.MessageBus\GeekShopping.MessageBus.csproj", "{856913E1-F30C-47B8-A515-BE5CD5895E18}"
EndProject
Project("{FAE04EC0-301F-11D3-BF4B-00C04F79EFBC}") = "GeekShopping.OrderAPI", "GeekShopping.OrderAPI\GeekShopping.OrderAPI.csproj", "{5A4AB73A-CC60-4219-B8BC-D3C5283E5416}"
EndProject
Global
	GlobalSection(SolutionConfigurationPlatforms) = preSolution
		Debug|Any CPU = Debug|Any CPU
		Release|Any CPU = Release|Any CPU
	EndGlobalSection
	GlobalSection(ProjectConfigurationPlatforms) = postSolution
		{F13891A6-31FD-4B73-A32F-EA773EB66834}.Debug|Any CPU.ActiveCfg = Debug|Any CPU
		{F13891A6-31FD-4B73-A32F-EA773EB66834}.Debug|Any CPU.Build.0 = Debug|Any CPU
		{F13891A6-31FD-4B73-A32F-EA773EB66834}.Release|Any CPU.ActiveCfg = Release|Any CPU
		{F13891A6-31FD-4B73-A32F-EA773EB66834}.Release|Any CPU.Build.0 = Release|Any CPU
		{5EB3635D-8CE8-4758-A007-D490D1F4F1AB}.Debug|Any CPU.ActiveCfg = Debug|Any CPU
		{5EB3635D-8CE8-4758-A007-D490D1F4F1AB}.Debug|Any CPU.Build.0 = Debug|Any CPU
		{5EB3635D-8CE8-4758-A007-D490D1F4F1AB}.Release|Any CPU.ActiveCfg = Release|Any CPU
		{5EB3635D-8CE8-4758-A007-D490D1F4F1AB}.Release|Any CPU.Build.0 = Release|Any CPU
		{FE9C4648-E57D-400F-B7C6-D9F9185F6EEE}.Debug|Any CPU.ActiveCfg = Debug|Any CPU
		{FE9C4648-E57D-400F-B7C6-D9F9185F6EEE}.Debug|Any CPU.Build.0 = Debug|Any CPU
		{FE9C4648-E57D-400F-B7C6-D9F9185F6EEE}.Release|Any CPU.ActiveCfg = Release|Any CPU
		{FE9C4648-E57D-400F-B7C6-D9F9185F6EEE}.Release|Any CPU.Build.0 = Release|Any CPU
		{2A23A7E7-047C-458F-BDEA-1D486DA08333}.Debug|Any CPU.ActiveCfg = Debug|Any CPU
		{2A23A7E7-047C-458F-BDEA-1D486DA08333}.Debug|Any CPU.Build.0 = Debug|Any CPU
		{2A23A7E7-047C-458F-BDEA-1D486DA08333}.Release|Any CPU.ActiveCfg = Release|Any CPU
		{2A23A7E7-047C-458F-BDEA-1D486DA08333}.Release|Any CPU.Build.0 = Release|Any CPU
		{E51BA7DC-F230-4249-934A-7D389841BF0A}.Debug|Any CPU.ActiveCfg = Debug|Any CPU
		{E51BA7DC-F230-4249-934A-7D389841BF0A}.Debug|Any CPU.Build.0 = Debug|Any CPU
		{E51BA7DC-F230-4249-934A-7D389841BF0A}.Release|Any CPU.ActiveCfg = Release|Any CPU
		{E51BA7DC-F230-4249-934A-7D389841BF0A}.Release|Any CPU.Build.0 = Release|Any CPU
		{856913E1-F30C-47B8-A515-BE5CD5895E18}.Debug|Any CPU.ActiveCfg = Debug|Any CPU
		{856913E1-F30C-47B8-A515-BE5CD5895E18}.Debug|Any CPU.Build.0 = Debug|Any CPU
		{856913E1-F30C-47B8-A515-BE5CD5895E18}.Release|Any CPU.ActiveCfg = Release|Any CPU
		{856913E1-F30C-47B8-A515-BE5CD5895E18}.Release|Any CPU.Build.0 = Release|Any CPU
		{5A4AB73A-CC60-4219-B8BC-D3C5283E5416}.Debug|Any CPU.ActiveCfg = Debug|Any CPU
		{5A4AB73A-CC60-4219-B8BC-D3C5283E5416}.Debug|Any CPU.Build.0 = Debug|Any CPU
		{5A4AB73A-CC60-4219-B8BC-D3C5283E5416}.Release|Any CPU.ActiveCfg = Release|Any CPU
		{5A4AB73A-CC60-4219-B8BC-D3C5283E5416}.Release|Any CPU.Build.0 = Release|Any CPU
	EndGlobalSection
	GlobalSection(SolutionProperties) = preSolution
		HideSolutionNode = FALSE
	EndGlobalSection
	GlobalSection(NestedProjects) = preSolution
		{F13891A6-31FD-4B73-A32F-EA773EB66834} = {DD06FB77-9553-444B-947D-65E14141AA3B}
		{5EB3635D-8CE8-4758-A007-D490D1F4F1AB} = {453FB221-031E-48D8-BF5D-64D3F7706BC9}
		{FE9C4648-E57D-400F-B7C6-D9F9185F6EEE} = {453FB221-031E-48D8-BF5D-64D3F7706BC9}
		{2A23A7E7-047C-458F-BDEA-1D486DA08333} = {453FB221-031E-48D8-BF5D-64D3F7706BC9}
		{E51BA7DC-F230-4249-934A-7D389841BF0A} = {453FB221-031E-48D8-BF5D-64D3F7706BC9}
		{856913E1-F30C-47B8-A515-BE5CD5895E18} = {7BD67B15-BBFE-43A7-9B5A-AA477164C678}
		{5A4AB73A-CC60-4219-B8BC-D3C5283E5416} = {453FB221-031E-48D8-BF5D-64D3F7706BC9}
	EndGlobalSection
	GlobalSection(ExtensibilityGlobals) = postSolution
		SolutionGuid = {6BFABCB9-3E40-4650-9734-F17AB02332B6}
	EndGlobalSection
EndGlobal
